{
  "originHash" : "4d1436daf173a6968a54491828c3cdcb6655e6df1c3a61683dbd2d32f11f9181",
  "pins" : [
    {
      "identity" : "appmetrica-sdk-ios",
      "kind" : "remoteSourceControl",
      "location" : "https://github.com/appmetrica/appmetrica-sdk-ios",
      "state" : {
        "revision" : "a23678a2e783b126c247b53b3e3b44f09a3d39c1",
        "version" : "5.9.0"
      }
    },
    {
      "identity" : "divkit-ios",
      "kind" : "remoteSourceControl",
      "location" : "https://github.com/divkit/divkit-ios.git",
      "state" : {
        "revision" : "baeae015110f46b326f414badc2062ba0578e5cc",
        "version" : "30.33.0"
      }
    },
    {
      "identity" : "divkit-ios-facade",
      "kind" : "remoteSourceControl",
      "location" : "https://github.com/divkit/divkit-ios-facade",
      "state" : {
        "revision" : "1c0f0503f609b45666e8845211f65f5cfc1af611",
        "version" : "4.5.0"
      }
    },
    {
      "identity" : "kscrash",
      "kind" : "remoteSourceControl",
      "location" : "https://github.com/kstenerud/KSCrash",
      "state" : {
        "revision" : "e62b01179f951ffa6670af186b21f00657a92557",
        "version" : "2.0.0-rc.8"
      }
    },
    {
      "identity" : "swift-argument-parser",
      "kind" : "remoteSourceControl",
      "location" : "https://github.com/apple/swift-argument-parser",
      "state" : {
        "revision" : "41982a3656a71c768319979febd796c6fd111d5c",
        "version" : "1.5.0"
      }
    },
    {
      "identity" : "swift-cmark",
      "kind" : "remoteSourceControl",
      "location" : "https://github.com/apple/swift-cmark.git",
      "state" : {
        "revision" : "3ccff77b2dc5b96b77db3da0d68d28068593fa53",
        "version" : "0.5.0"
      }
    },
    {
      "identity" : "swift-markdown",
      "kind" : "remoteSourceControl",
      "location" : "https://github.com/apple/swift-markdown.git",
      "state" : {
        "revision" : "8f79cb175981458a0a27e76cb42fee8e17b1a993",
        "version" : "0.5.0"
      }
    },
    {
      "identity" : "swift-syntax",
      "kind" : "remoteSourceControl",
      "location" : "https://github.com/swiftlang/swift-syntax",
      "state" : {
        "revision" : "2bc86522d115234d1f588efe2bcb4ce4be8f8b82",
        "version" : "510.0.3"
      }
    },
    {
      "identity" : "swiftgodot",
      "kind" : "remoteSourceControl",
      "location" : "https://github.com/migueldeicaza/SwiftGodot",
      "state" : {
        "branch" : "440a0b4",
        "revision" : "440a0b4c655a98a0a55813def562250219c44339"
      }
    },
    {
      "identity" : "vgsl",
      "kind" : "remoteSourceControl",
      "location" : "https://github.com/yandex/vgsl.git",
      "state" : {
        "revision" : "3b3b624e9bb8d1606d3128320b2ccd4f5e45aab1",
        "version" : "6.18.0"
      }
    },
    {
      "identity" : "yandex-ads-sdk-ios",
      "kind" : "remoteSourceControl",
      "location" : "https://github.com/yandexmobile/yandex-ads-sdk-ios",
      "state" : {
        "revision" : "0c777058e77d6c425486b52210136d96ec092962",
        "version" : "7.8.0"
      }
    }
  ],
  "version" : 3
}
